
Microsoft Visual Studio Solution File, Format Version 12.00
# Visual Studio 15
VisualStudioVersion = 15.0.28307.168
MinimumVisualStudioVersion = 10.0.40219.1
Project("{FAE04EC0-301F-11D3-BF4B-00C04F79EFBC}") = "EngenhariaFiles", "EngenhariaFiles\EngenhariaFiles.csproj", "{78F3FB6D-0EF4-4A1B-A5AF-EC07E215A794}"
EndProject
Global
	GlobalSection(SolutionConfigurationPlatforms) = preSolution
		Debug|Any CPU = Debug|Any CPU
		Release|Any CPU = Release|Any CPU
	EndGlobalSection
	GlobalSection(ProjectConfigurationPlatforms) = postSolution
		{78F3FB6D-0EF4-4A1B-A5AF-EC07E215A794}.Debug|Any CPU.ActiveCfg = Debug|Any CPU
		{78F3FB6D-0EF4-4A1B-A5AF-EC07E215A794}.Debug|Any CPU.Build.0 = Debug|Any CPU
		{78F3FB6D-0EF4-4A1B-A5AF-EC07E215A794}.Release|Any CPU.ActiveCfg = Release|Any CPU
		{78F3FB6D-0EF4-4A1B-A5AF-EC07E215A794}.Release|Any CPU.Build.0 = Release|Any CPU
	EndGlobalSection
	GlobalSection(SolutionProperties) = preSolution
		HideSolutionNode = FALSE
	EndGlobalSection
	GlobalSection(ExtensibilityGlobals) = postSolution
		SolutionGuid = {60E39E26-7C05-43AE-B846-88AB8CD6DF57}
	EndGlobalSection
EndGlobal
